// !$*UTF8*$!
{
	archiveVersion = 1;
	classes = {
	};
	objectVersion = 55;
	objects = {

/* Begin PBXBuildFile section */
		C11152BF283C96D800E7F8BA /* SignUpViewController.swift in Sources */ = {isa = PBXBuildFile; fileRef = C11152BE283C96D800E7F8BA /* SignUpViewController.swift */; };
		C11152C1283C96E700E7F8BA /* LoginViewController.swift in Sources */ = {isa = PBXBuildFile; fileRef = C11152C0283C96E700E7F8BA /* LoginViewController.swift */; };
		C11152C3283C96FB00E7F8BA /* HomeViewController.swift in Sources */ = {isa = PBXBuildFile; fileRef = C11152C2283C96FB00E7F8BA /* HomeViewController.swift */; };
		C11152C7283CA7CD00E7F8BA /* Utilities.swift in Sources */ = {isa = PBXBuildFile; fileRef = C11152C4283CA22900E7F8BA /* Utilities.swift */; };
		C1AB28D1283C56ED00ABE6B6 /* AppDelegate.swift in Sources */ = {isa = PBXBuildFile; fileRef = C1AB28D0283C56ED00ABE6B6 /* AppDelegate.swift */; };
		C1AB28D3283C56ED00ABE6B6 /* SceneDelegate.swift in Sources */ = {isa = PBXBuildFile; fileRef = C1AB28D2283C56ED00ABE6B6 /* SceneDelegate.swift */; };
		C1AB28D5283C56ED00ABE6B6 /* ViewController.swift in Sources */ = {isa = PBXBuildFile; fileRef = C1AB28D4283C56ED00ABE6B6 /* ViewController.swift */; };
		C1AB28D8283C56ED00ABE6B6 /* Main.storyboard in Resources */ = {isa = PBXBuildFile; fileRef = C1AB28D6283C56ED00ABE6B6 /* Main.storyboard */; };
		C1AB28DA283C56EE00ABE6B6 /* Assets.xcassets in Resources */ = {isa = PBXBuildFile; fileRef = C1AB28D9283C56EE00ABE6B6 /* Assets.xcassets */; };
		C1AB28DD283C56EE00ABE6B6 /* LaunchScreen.storyboard in Resources */ = {isa = PBXBuildFile; fileRef = C1AB28DB283C56EE00ABE6B6 /* LaunchScreen.storyboard */; };
/* End PBXBuildFile section */

/* Begin PBXFileReference section */
		C11152B9283C8F8A00E7F8BA /* Utilities.swift */ = {isa = PBXFileReference; lastKnownFileType = sourcecode.swift; path = Utilities.swift; sourceTree = "<group>"; };
		C11152BE283C96D800E7F8BA /* SignUpViewController.swift */ = {isa = PBXFileReference; lastKnownFileType = sourcecode.swift; path = SignUpViewController.swift; sourceTree = "<group>"; };
		C11152C0283C96E700E7F8BA /* LoginViewController.swift */ = {isa = PBXFileReference; lastKnownFileType = sourcecode.swift; path = LoginViewController.swift; sourceTree = "<group>"; };
		C11152C2283C96FB00E7F8BA /* HomeViewController.swift */ = {isa = PBXFileReference; lastKnownFileType = sourcecode.swift; path = HomeViewController.swift; sourceTree = "<group>"; };
		C11152C4283CA22900E7F8BA /* Utilities.swift */ = {isa = PBXFileReference; lastKnownFileType = sourcecode.swift; path = Utilities.swift; sourceTree = "<group>"; };
		C1AB28CD283C56ED00ABE6B6 /* demo.app */ = {isa = PBXFileReference; explicitFileType = wrapper.application; includeInIndex = 0; path = demo.app; sourceTree = BUILT_PRODUCTS_DIR; };
		C1AB28D0283C56ED00ABE6B6 /* AppDelegate.swift */ = {isa = PBXFileReference; lastKnownFileType = sourcecode.swift; path = AppDelegate.swift; sourceTree = "<group>"; };
		C1AB28D2283C56ED00ABE6B6 /* SceneDelegate.swift */ = {isa = PBXFileReference; lastKnownFileType = sourcecode.swift; path = SceneDelegate.swift; sourceTree = "<group>"; };
		C1AB28D4283C56ED00ABE6B6 /* ViewController.swift */ = {isa = PBXFileReference; lastKnownFileType = sourcecode.swift; path = ViewController.swift; sourceTree = "<group>"; };
		C1AB28D7283C56ED00ABE6B6 /* Base */ = {isa = PBXFileReference; lastKnownFileType = file.storyboard; name = Base; path = Base.lproj/Main.storyboard; sourceTree = "<group>"; };
		C1AB28D9283C56EE00ABE6B6 /* Assets.xcassets */ = {isa = PBXFileReference; lastKnownFileType = folder.assetcatalog; path = Assets.xcassets; sourceTree = "<group>"; };
		C1AB28DC283C56EE00ABE6B6 /* Base */ = {isa = PBXFileReference; lastKnownFileType = file.storyboard; name = Base; path = Base.lproj/LaunchScreen.storyboard; sourceTree = "<group>"; };
		C1AB28DE283C56EE00ABE6B6 /* Info.plist */ = {isa = PBXFileReference; lastKnownFileType = text.plist.xml; path = Info.plist; sourceTree = "<group>"; };
/* End PBXFileReference section */

/* Begin PBXFrameworksBuildPhase section */
		C1AB28CA283C56ED00ABE6B6 /* Frameworks */ = {
			isa = PBXFrameworksBuildPhase;
			buildActionMask = 2147483647;
			files = (
			);
			runOnlyForDeploymentPostprocessing = 0;
		};
/* End PBXFrameworksBuildPhase section */

/* Begin PBXGroup section */
		C11152B0283C5F6400E7F8BA /* ViewController */ = {
			isa = PBXGroup;
			children = (
				C1AB28D4283C56ED00ABE6B6 /* ViewController.swift */,
				C11152BE283C96D800E7F8BA /* SignUpViewController.swift */,
				C11152C0283C96E700E7F8BA /* LoginViewController.swift */,
				C11152C2283C96FB00E7F8BA /* HomeViewController.swift */,
			);
			path = ViewController;
			sourceTree = "<group>";
		};
		C11152B2283C8CFF00E7F8BA /* View */ = {
			isa = PBXGroup;
			children = (
				C1AB28DB283C56EE00ABE6B6 /* LaunchScreen.storyboard */,
				C1AB28D6283C56ED00ABE6B6 /* Main.storyboard */,
			);
			path = View;
			sourceTree = "<group>";
		};
		C11152BB283C8F9700E7F8BA /* Helpers */ = {
			isa = PBXGroup;
			children = (
				C11152B9283C8F8A00E7F8BA /* Utilities.swift */,
			);
			path = Helpers;
			sourceTree = "<group>";
		};
		C11152C6283CA22F00E7F8BA /* Helpers */ = {
			isa = PBXGroup;
			children = (
				C11152C4283CA22900E7F8BA /* Utilities.swift */,
			);
			path = Helpers;
			sourceTree = "<group>";
		};
		C1AB28C4283C56EC00ABE6B6 = {
			isa = PBXGroup;
			children = (
				C11152C6283CA22F00E7F8BA /* Helpers */,
				C1AB28CF283C56ED00ABE6B6 /* demo */,
				C1AB28CE283C56ED00ABE6B6 /* Products */,
			);
			sourceTree = "<group>";
		};
		C1AB28CE283C56ED00ABE6B6 /* Products */ = {
			isa = PBXGroup;
			children = (
				C1AB28CD283C56ED00ABE6B6 /* demo.app */,
			);
			name = Products;
			sourceTree = "<group>";
		};
		C1AB28CF283C56ED00ABE6B6 /* demo */ = {
			isa = PBXGroup;
			children = (
				C11152B0283C5F6400E7F8BA /* ViewController */,
				C1AB28D0283C56ED00ABE6B6 /* AppDelegate.swift */,
				C1AB28D2283C56ED00ABE6B6 /* SceneDelegate.swift */,
				C11152B2283C8CFF00E7F8BA /* View */,
				C1AB28D9283C56EE00ABE6B6 /* Assets.xcassets */,
				C11152BB283C8F9700E7F8BA /* Helpers */,
				C1AB28DE283C56EE00ABE6B6 /* Info.plist */,
			);
			path = demo;
			sourceTree = "<group>";
		};
/* End PBXGroup section */

/* Begin PBXNativeTarget section */
		C1AB28CC283C56ED00ABE6B6 /* demo */ = {
			isa = PBXNativeTarget;
			buildConfigurationList = C1AB28E1283C56EE00ABE6B6 /* Build configuration list for PBXNativeTarget "demo" */;
			buildPhases = (
				C1AB28C9283C56ED00ABE6B6 /* Sources */,
				C1AB28CA283C56ED00ABE6B6 /* Frameworks */,
				C1AB28CB283C56ED00ABE6B6 /* Resources */,
			);
			buildRules = (
			);
			dependencies = (
			);
			name = demo;
			productName = demo;
			productReference = C1AB28CD283C56ED00ABE6B6 /* demo.app */;
			productType = "com.apple.product-type.application";
		};
/* End PBXNativeTarget section */

/* Begin PBXProject section */
		C1AB28C5283C56EC00ABE6B6 /* Project object */ = {
			isa = PBXProject;
			attributes = {
				BuildIndependentTargetsInParallel = 1;
				LastSwiftUpdateCheck = 1340;
				LastUpgradeCheck = 1340;
				TargetAttributes = {
					C1AB28CC283C56ED00ABE6B6 = {
						CreatedOnToolsVersion = 13.4;
					};
				};
			};
			buildConfigurationList = C1AB28C8283C56EC00ABE6B6 /* Build configuration list for PBXProject "demo" */;
			compatibilityVersion = "Xcode 13.0";
			developmentRegion = en;
			hasScannedForEncodings = 0;
			knownRegions = (
				en,
				Base,
			);
			mainGroup = C1AB28C4283C56EC00ABE6B6;
			productRefGroup = C1AB28CE283C56ED00ABE6B6 /* Products */;
			projectDirPath = "";
			projectRoot = "";
			targets = (
				C1AB28CC283C56ED00ABE6B6 /* demo */,
			);
		};
/* End PBXProject section */

/* Begin PBXResourcesBuildPhase section */
		C1AB28CB283C56ED00ABE6B6 /* Resources */ = {
			isa = PBXResourcesBuildPhase;
			buildActionMask = 2147483647;
			files = (
				C1AB28DD283C56EE00ABE6B6 /* LaunchScreen.storyboard in Resources */,
				C1AB28DA283C56EE00ABE6B6 /* Assets.xcassets in Resources */,
				C1AB28D8283C56ED00ABE6B6 /* Main.storyboard in Resources */,
			);
			runOnlyForDeploymentPostprocessing = 0;
		};
/* End PBXResourcesBuildPhase section */

/* Begin PBXSourcesBuildPhase section */
		C1AB28C9283C56ED00ABE6B6 /* Sources */ = {
			isa = PBXSourcesBuildPhase;
			buildActionMask = 2147483647;
			files = (
				C11152C7283CA7CD00E7F8BA /* Utilities.swift in Sources */,
				C11152C1283C96E700E7F8BA /* LoginViewController.swift in Sources */,
				C1AB28D5283C56ED00ABE6B6 /* ViewController.swift in Sources */,
				C1AB28D1283C56ED00ABE6B6 /* AppDelegate.swift in Sources */,
				C1AB28D3283C56ED00ABE6B6 /* SceneDelegate.swift in Sources */,
				C11152C3283C96FB00E7F8BA /* HomeViewController.swift in Sources */,
				C11152BF283C96D800E7F8BA /* SignUpViewController.swift in Sources */,
			);
			runOnlyForDeploymentPostprocessing = 0;
		};
/* End PBXSourcesBuildPhase section */

/* Begin PBXVariantGroup section */
		C1AB28D6283C56ED00ABE6B6 /* Main.storyboard */ = {
			isa = PBXVariantGroup;
			children = (
				C1AB28D7283C56ED00ABE6B6 /* Base */,
			);
			name = Main.storyboard;
			sourceTree = "<group>";
		};
		C1AB28DB283C56EE00ABE6B6 /* LaunchScreen.storyboard */ = {
			isa = PBXVariantGroup;
			children = (
				C1AB28DC283C56EE00ABE6B6 /* Base */,
			);
			name = LaunchScreen.storyboard;
			sourceTree = "<group>";
		};
/* End PBXVariantGroup section */

/* Begin XCBuildConfiguration section */
		C1AB28DF283C56EE00ABE6B6 /* Debug */ = {
			isa = XCBuildConfiguration;
			buildSettings = {
				ALWAYS_SEARCH_USER_PATHS = NO;
				CLANG_ANALYZER_NONNULL = YES;
				CLANG_ANALYZER_NUMBER_OBJECT_CONVERSION = YES_AGGRESSIVE;
				CLANG_CXX_LANGUAGE_STANDARD = "gnu++17";
				CLANG_ENABLE_MODULES = YES;
				CLANG_ENABLE_OBJC_ARC = YES;
				CLANG_ENABLE_OBJC_WEAK = YES;
				CLANG_WARN_BLOCK_CAPTURE_AUTORELEASING = YES;
				CLANG_WARN_BOOL_CONVERSION = YES;
				CLANG_WARN_COMMA = YES;
				CLANG_WARN_CONSTANT_CONVERSION = YES;
				CLANG_WARN_DEPRECATED_OBJC_IMPLEMENTATIONS = YES;
				CLANG_WARN_DIRECT_OBJC_ISA_USAGE = YES_ERROR;
				CLANG_WARN_DOCUMENTATION_COMMENTS = YES;
				CLANG_WARN_EMPTY_BODY = YES;
				CLANG_WARN_ENUM_CONVERSION = YES;
				CLANG_WARN_INFINITE_RECURSION = YES;
				CLANG_WARN_INT_CONVERSION = YES;
				CLANG_WARN_NON_LITERAL_NULL_CONVERSION = YES;
				CLANG_WARN_OBJC_IMPLICIT_RETAIN_SELF = YES;
				CLANG_WARN_OBJC_LITERAL_CONVERSION = YES;
				CLANG_WARN_OBJC_ROOT_CLASS = YES_ERROR;
				CLANG_WARN_QUOTED_INCLUDE_IN_FRAMEWORK_HEADER = YES;
				CLANG_WARN_RANGE_LOOP_ANALYSIS = YES;
				CLANG_WARN_STRICT_PROTOTYPES = YES;
				CLANG_WARN_SUSPICIOUS_MOVE = YES;
				CLANG_WARN_UNGUARDED_AVAILABILITY = YES_AGGRESSIVE;
				CLANG_WARN_UNREACHABLE_CODE = YES;
				CLANG_WARN__DUPLICATE_METHOD_MATCH = YES;
				COPY_PHASE_STRIP = NO;
				DEBUG_INFORMATION_FORMAT = dwarf;
				ENABLE_STRICT_OBJC_MSGSEND = YES;
				ENABLE_TESTABILITY = YES;
				GCC_C_LANGUAGE_STANDARD = gnu11;
				GCC_DYNAMIC_NO_PIC = NO;
				GCC_NO_COMMON_BLOCKS = YES;
				GCC_OPTIMIZATION_LEVEL = 0;
				GCC_PREPROCESSOR_DEFINITIONS = (
					"DEBUG=1",
					"$(inherited)",
				);
				GCC_WARN_64_TO_32_BIT_CONVERSION = YES;
				GCC_WARN_ABOUT_RETURN_TYPE = YES_ERROR;
				GCC_WARN_UNDECLARED_SELECTOR = YES;
				GCC_WARN_UNINITIALIZED_AUTOS = YES_AGGRESSIVE;
				GCC_WARN_UNUSED_FUNCTION = YES;
				GCC_WARN_UNUSED_VARIABLE = YES;
				IPHONEOS_DEPLOYMENT_TARGET = 15.5;
				MTL_ENABLE_DEBUG_INFO = INCLUDE_SOURCE;
				MTL_FAST_MATH = YES;
				ONLY_ACTIVE_ARCH = YES;
				SDKROOT = iphoneos;
				SWIFT_ACTIVE_COMPILATION_CONDITIONS = DEBUG;
				SWIFT_OPTIMIZATION_LEVEL = "-Onone";
			};
			name = Debug;
		};
		C1AB28E0283C56EE00ABE6B6 /* Release */ = {
			isa = XCBuildConfiguration;
			buildSettings = {
				ALWAYS_SEARCH_USER_PATHS = NO;
				CLANG_ANALYZER_NONNULL = YES;
				CLANG_ANALYZER_NUMBER_OBJECT_CONVERSION = YES_AGGRESSIVE;
				CLANG_CXX_LANGUAGE_STANDARD = "gnu++17";
				CLANG_ENABLE_MODULES = YES;
				CLANG_ENABLE_OBJC_ARC = YES;
				CLANG_ENABLE_OBJC_WEAK = YES;
				CLANG_WARN_BLOCK_CAPTURE_AUTORELEASING = YES;
				CLANG_WARN_BOOL_CONVERSION = YES;
				CLANG_WARN_COMMA = YES;
				CLANG_WARN_CONSTANT_CONVERSION = YES;
				CLANG_WARN_DEPRECATED_OBJC_IMPLEMENTATIONS = YES;
				CLANG_WARN_DIRECT_OBJC_ISA_USAGE = YES_ERROR;
				CLANG_WARN_DOCUMENTATION_COMMENTS = YES;
				CLANG_WARN_EMPTY_BODY = YES;
				CLANG_WARN_ENUM_CONVERSION = YES;
				CLANG_WARN_INFINITE_RECURSION = YES;
				CLANG_WARN_INT_CONVERSION = YES;
				CLANG_WARN_NON_LITERAL_NULL_CONVERSION = YES;
				CLANG_WARN_OBJC_IMPLICIT_RETAIN_SELF = YES;
				CLANG_WARN_OBJC_LITERAL_CONVERSION = YES;
				CLANG_WARN_OBJC_ROOT_CLASS = YES_ERROR;
				CLANG_WARN_QUOTED_INCLUDE_IN_FRAMEWORK_HEADER = YES;
				CLANG_WARN_RANGE_LOOP_ANALYSIS = YES;
				CLANG_WARN_STRICT_PROTOTYPES = YES;
				CLANG_WARN_SUSPICIOUS_MOVE = YES;
				CLANG_WARN_UNGUARDED_AVAILABILITY = YES_AGGRESSIVE;
				CLANG_WARN_UNREACHABLE_CODE = YES;
				CLANG_WARN__DUPLICATE_METHOD_MATCH = YES;
				COPY_PHASE_STRIP = NO;
				DEBUG_INFORMATION_FORMAT = "dwarf-with-dsym";
				ENABLE_NS_ASSERTIONS = NO;
				ENABLE_STRICT_OBJC_MSGSEND = YES;
				GCC_C_LANGUAGE_STANDARD = gnu11;
				GCC_NO_COMMON_BLOCKS = YES;
				GCC_WARN_64_TO_32_BIT_CONVERSION = YES;
				GCC_WARN_ABOUT_RETURN_TYPE = YES_ERROR;
				GCC_WARN_UNDECLARED_SELECTOR = YES;
				GCC_WARN_UNINITIALIZED_AUTOS = YES_AGGRESSIVE;
				GCC_WARN_UNUSED_FUNCTION = YES;
				GCC_WARN_UNUSED_VARIABLE = YES;
				IPHONEOS_DEPLOYMENT_TARGET = 15.5;
				MTL_ENABLE_DEBUG_INFO = NO;
				MTL_FAST_MATH = YES;
				SDKROOT = iphoneos;
				SWIFT_COMPILATION_MODE = wholemodule;
				SWIFT_OPTIMIZATION_LEVEL = "-O";
				VALIDATE_PRODUCT = YES;
			};
			name = Release;
		};
		C1AB28E2283C56EE00ABE6B6 /* Debug */ = {
			isa = XCBuildConfiguration;
			buildSettings = {
				ASSETCATALOG_COMPILER_APPICON_NAME = AppIcon;
				ASSETCATALOG_COMPILER_GLOBAL_ACCENT_COLOR_NAME = AccentColor;
				CODE_SIGN_STYLE = Automatic;
				CURRENT_PROJECT_VERSION = 1;
				DEVELOPMENT_TEAM = ZW38677EE9;
				GENERATE_INFOPLIST_FILE = YES;
				INFOPLIST_FILE = demo/Info.plist;
				INFOPLIST_KEY_UIApplicationSupportsIndirectInputEvents = YES;
				INFOPLIST_KEY_UILaunchStoryboardName = Main;
				INFOPLIST_KEY_UIMainStoryboardFile = Main;
				INFOPLIST_KEY_UISupportedInterfaceOrientations_iPad = "UIInterfaceOrientationPortrait UIInterfaceOrientationPortraitUpsideDown UIInterfaceOrientationLandscapeLeft UIInterfaceOrientationLandscapeRight";
				INFOPLIST_KEY_UISupportedInterfaceOrientations_iPhone = "UIInterfaceOrientationPortrait UIInterfaceOrientationLandscapeLeft UIInterfaceOrientationLandscapeRight";
				LD_RUNPATH_SEARCH_PATHS = (
					"$(inherited)",
					"@executable_path/Frameworks",
				);
				MARKETING_VERSION = 1.0;
				PRODUCT_BUNDLE_IDENTIFIER = WENBOHU.demo;
				PRODUCT_NAME = "$(TARGET_NAME)";
				SWIFT_EMIT_LOC_STRINGS = YES;
				SWIFT_VERSION = 5.0;
				TARGETED_DEVICE_FAMILY = "1,2";
			};
			name = Debug;
		};
		C1AB28E3283C56EE00ABE6B6 /* Release */ = {
			isa = XCBuildConfiguration;
			buildSettings = {
				ASSETCATALOG_COMPILER_APPICON_NAME = AppIcon;
				ASSETCATALOG_COMPILER_GLOBAL_ACCENT_COLOR_NAME = AccentColor;
				CODE_SIGN_STYLE = Automatic;
				CURRENT_PROJECT_VERSION = 1;
				DEVELOPMENT_TEAM = ZW38677EE9;
				GENERATE_INFOPLIST_FILE = YES;
				INFOPLIST_FILE = demo/Info.plist;
				INFOPLIST_KEY_UIApplicationSupportsIndirectInputEvents = YES;
				INFOPLIST_KEY_UILaunchStoryboardName = Main;
				INFOPLIST_KEY_UIMainStoryboardFile = Main;
				INFOPLIST_KEY_UISupportedInterfaceOrientations_iPad = "UIInterfaceOrientationPortrait UIInterfaceOrientationPortraitUpsideDown UIInterfaceOrientationLandscapeLeft UIInterfaceOrientationLandscapeRight";
				INFOPLIST_KEY_UISupportedInterfaceOrientations_iPhone = "UIInterfaceOrientationPortrait UIInterfaceOrientationLandscapeLeft UIInterfaceOrientationLandscapeRight";
				LD_RUNPATH_SEARCH_PATHS = (
					"$(inherited)",
					"@executable_path/Frameworks",
				);
				MARKETING_VERSION = 1.0;
				PRODUCT_BUNDLE_IDENTIFIER = WENBOHU.demo;
				PRODUCT_NAME = "$(TARGET_NAME)";
				SWIFT_EMIT_LOC_STRINGS = YES;
				SWIFT_VERSION = 5.0;
				TARGETED_DEVICE_FAMILY = "1,2";
			};
			name = Release;
		};
/* End XCBuildConfiguration section */

/* Begin XCConfigurationList section */
		C1AB28C8283C56EC00ABE6B6 /* Build configuration list for PBXProject "demo" */ = {
			isa = XCConfigurationList;
			buildConfigurations = (
				C1AB28DF283C56EE00ABE6B6 /* Debug */,
				C1AB28E0283C56EE00ABE6B6 /* Release */,
			);
			defaultConfigurationIsVisible = 0;
			defaultConfigurationName = Release;
		};
		C1AB28E1283C56EE00ABE6B6 /* Build configuration list for PBXNativeTarget "demo" */ = {
			isa = XCConfigurationList;
			buildConfigurations = (
				C1AB28E2283C56EE00ABE6B6 /* Debug */,
				C1AB28E3283C56EE00ABE6B6 /* Release */,
			);
			defaultConfigurationIsVisible = 0;
			defaultConfigurationName = Release;
		};
/* End XCConfigurationList section */
	};
	rootObject = C1AB28C5283C56EC00ABE6B6 /* Project object */;
}
